
Microsoft Visual Studio Solution File, Format Version 11.00
# Visual Basic Express 2010
Project("{F184B08F-C81C-45F6-A57F-5ABD9991F28F}") = "計算級距", "計算級距\計算級距.vbproj", "{317985F1-DE6C-40B3-A0DD-A91861B7674E}"
EndProject
Global
	GlobalSection(SolutionConfigurationPlatforms) = preSolution
		Debug|x86 = Debug|x86
		Release|x86 = Release|x86
	EndGlobalSection
	GlobalSection(ProjectConfigurationPlatforms) = postSolution
		{317985F1-DE6C-40B3-A0DD-A91861B7674E}.Debug|x86.ActiveCfg = Debug|x86
		{317985F1-DE6C-40B3-A0DD-A91861B7674E}.Debug|x86.Build.0 = Debug|x86
		{317985F1-DE6C-40B3-A0DD-A91861B7674E}.Release|x86.ActiveCfg = Release|x86
		{317985F1-DE6C-40B3-A0DD-A91861B7674E}.Release|x86.Build.0 = Release|x86
	EndGlobalSection
	GlobalSection(SolutionProperties) = preSolution
		HideSolutionNode = FALSE
	EndGlobalSection
EndGlobal
