
Microsoft Visual Studio Solution File, Format Version 11.00
# Visual Basic Express 2010
Project("{F184B08F-C81C-45F6-A57F-5ABD9991F28F}") = "全班不及格人數統計", "全班不及格人數統計\全班不及格人數統計.vbproj", "{311CB887-20E6-4FC4-9EF5-E9D357D5375C}"
EndProject
Global
	GlobalSection(SolutionConfigurationPlatforms) = preSolution
		Debug|x86 = Debug|x86
		Release|x86 = Release|x86
	EndGlobalSection
	GlobalSection(ProjectConfigurationPlatforms) = postSolution
		{311CB887-20E6-4FC4-9EF5-E9D357D5375C}.Debug|x86.ActiveCfg = Debug|x86
		{311CB887-20E6-4FC4-9EF5-E9D357D5375C}.Debug|x86.Build.0 = Debug|x86
		{311CB887-20E6-4FC4-9EF5-E9D357D5375C}.Release|x86.ActiveCfg = Release|x86
		{311CB887-20E6-4FC4-9EF5-E9D357D5375C}.Release|x86.Build.0 = Release|x86
	EndGlobalSection
	GlobalSection(SolutionProperties) = preSolution
		HideSolutionNode = FALSE
	EndGlobalSection
EndGlobal
