
Microsoft Visual Studio Solution File, Format Version 11.00
# Visual Basic Express 2010
Project("{F184B08F-C81C-45F6-A57F-5ABD9991F28F}") = "樂透開獎", "樂透開獎\樂透開獎.vbproj", "{51CBC8F6-DE4D-4352-AA80-8CDF89082B8C}"
EndProject
Global
	GlobalSection(SolutionConfigurationPlatforms) = preSolution
		Debug|x86 = Debug|x86
		Release|x86 = Release|x86
	EndGlobalSection
	GlobalSection(ProjectConfigurationPlatforms) = postSolution
		{51CBC8F6-DE4D-4352-AA80-8CDF89082B8C}.Debug|x86.ActiveCfg = Debug|x86
		{51CBC8F6-DE4D-4352-AA80-8CDF89082B8C}.Debug|x86.Build.0 = Debug|x86
		{51CBC8F6-DE4D-4352-AA80-8CDF89082B8C}.Release|x86.ActiveCfg = Release|x86
		{51CBC8F6-DE4D-4352-AA80-8CDF89082B8C}.Release|x86.Build.0 = Release|x86
	EndGlobalSection
	GlobalSection(SolutionProperties) = preSolution
		HideSolutionNode = FALSE
	EndGlobalSection
EndGlobal
